
Microsoft Visual Studio Solution File, Format Version 12.00
# Visual Studio Version 16
VisualStudioVersion = 16.0.33328.57
MinimumVisualStudioVersion = 10.0.40219.1
Project("{FAE04EC0-301F-11D3-BF4B-00C04F79EFBC}") = "FlightBooking", "FlightBooking\FlightBooking.csproj", "{550DEE76-926A-4158-9B5C-94D7DD92C4A4}"
EndProject
Global
	GlobalSection(SolutionConfigurationPlatforms) = preSolution
		Debug|Any CPU = Debug|Any CPU
		Release|Any CPU = Release|Any CPU
	EndGlobalSection
	GlobalSection(ProjectConfigurationPlatforms) = postSolution
		{550DEE76-926A-4158-9B5C-94D7DD92C4A4}.Debug|Any CPU.ActiveCfg = Debug|Any CPU
		{550DEE76-926A-4158-9B5C-94D7DD92C4A4}.Debug|Any CPU.Build.0 = Debug|Any CPU
		{550DEE76-926A-4158-9B5C-94D7DD92C4A4}.Release|Any CPU.ActiveCfg = Release|Any CPU
		{550DEE76-926A-4158-9B5C-94D7DD92C4A4}.Release|Any CPU.Build.0 = Release|Any CPU
	EndGlobalSection
	GlobalSection(SolutionProperties) = preSolution
		HideSolutionNode = FALSE
	EndGlobalSection
	GlobalSection(ExtensibilityGlobals) = postSolution
		SolutionGuid = {08F2354A-C8BE-476A-8CDE-323C8F864AFA}
	EndGlobalSection
EndGlobal
